
Microsoft Visual Studio Solution File, Format Version 12.00
# Visual Studio Version 17
VisualStudioVersion = 17.9.34902.65
MinimumVisualStudioVersion = 10.0.40219.1
Project("{FAE04EC0-301F-11D3-BF4B-00C04F79EFBC}") = "laba44", "laba44\laba44.csproj", "{BF0D1002-BDB2-42C2-A345-C78B37D3F153}"
EndProject
Global
	GlobalSection(SolutionConfigurationPlatforms) = preSolution
		Debug|Any CPU = Debug|Any CPU
		Release|Any CPU = Release|Any CPU
	EndGlobalSection
	GlobalSection(ProjectConfigurationPlatforms) = postSolution
		{BF0D1002-BDB2-42C2-A345-C78B37D3F153}.Debug|Any CPU.ActiveCfg = Debug|Any CPU
		{BF0D1002-BDB2-42C2-A345-C78B37D3F153}.Debug|Any CPU.Build.0 = Debug|Any CPU
		{BF0D1002-BDB2-42C2-A345-C78B37D3F153}.Release|Any CPU.ActiveCfg = Release|Any CPU
		{BF0D1002-BDB2-42C2-A345-C78B37D3F153}.Release|Any CPU.Build.0 = Release|Any CPU
	EndGlobalSection
	GlobalSection(SolutionProperties) = preSolution
		HideSolutionNode = FALSE
	EndGlobalSection
	GlobalSection(ExtensibilityGlobals) = postSolution
		SolutionGuid = {1D7AB572-5BA0-4AF6-9A7E-AE9520C42956}
	EndGlobalSection
EndGlobal
